<?xml version="1.0" encoding="UTF-8" standalone="yes" ?>
<CodeBlocks_project_file>
	<FileVersion major="1" minor="6" />
	<Project>
		<Option title="Wolf4SDL" />
		<Option pch_mode="2" />
		<Option compiler="devkitgp2x" />
		<Build>
			<Target title="default">
				<Option output="Wolf4SDL" prefix_auto="1" extension_auto="1" />
				<Option type="0" />
				<Option compiler="devkitgp2x" />
			</Target>
		</Build>
		<Compiler>
			<Add option="-DGP2X" />
		</Compiler>
		<Linker>
			<Add library="SDL" />
			<Add library="SDL_mixer" />
			<Add library="iconv" />
		</Linker>
		<Unit filename="GP2X/gp2x.c" />
		<Unit filename="GP2X/gp2x.h" />
		<Unit filename="audiosod.h" />
		<Unit filename="audiowl6.h" />
		<Unit filename="f_spear.h" />
		<Unit filename="mame/fmopl.c" />
		<Unit filename="mame/fmopl.h" />
		<Unit filename="foreign.h" />
		<Unit filename="gfxv_apo.h" />
		<Unit filename="gfxv_sod.h" />
		<Unit filename="gfxv_wl6.h" />
		<Unit filename="id_ca.c" />
		<Unit filename="id_ca.h" />
		<Unit filename="id_in.c" />
		<Unit filename="id_in.h" />
		<Unit filename="id_pm.c" />
		<Unit filename="id_sd.c" />
		<Unit filename="id_sd.h" />
                <Unit filename="id_us.c" />
		<Unit filename="id_us.h" />
		<Unit filename="id_vh.c" />
		<Unit filename="id_vh.h" />
		<Unit filename="id_vl.c" />
		<Unit filename="id_vl.h" />
		<Unit filename="sdl_winmain.c" />
		<Unit filename="signon.c" />
		<Unit filename="version.h" />
		<Unit filename="wl_act1.c" />
		<Unit filename="wl_act2.c" />
		<Unit filename="wl_agent.c" />
		<Unit filename="wl_debug.c" />
		<Unit filename="wl_def.h" />
		<Unit filename="wl_draw.c" />
		<Unit filename="wl_game.c" />
		<Unit filename="wl_inter.c" />
		<Unit filename="wl_main.c" />
		<Unit filename="wl_menu.c" />
		<Unit filename="wl_menu.h" />
		<Unit filename="wl_play.c" />
		<Unit filename="wl_state.c" />
		<Unit filename="wl_text.c" />
		<Extensions>
			<code_completion />
			<envvars />
			<debugger />
			<lib_finder />
		</Extensions>
	</Project>
</CodeBlocks_project_file>
