<?xml version="1.0" encoding="utf-8"?>
<Project ToolsVersion="4.0" xmlns="http://schemas.microsoft.com/developer/msbuild/2003">
  <ItemGroup>
    <Filter Include="3rdparty">
      <UniqueIdentifier>{cec84b94-af05-4151-ac59-51c24c0289bc}</UniqueIdentifier>
    </Filter>
    <Filter Include="3rdparty\uthash">
      <UniqueIdentifier>{ee62495d-7e7d-47cd-887a-6ab58fcf9cf2}</UniqueIdentifier>
    </Filter>
    <Filter Include="docs">
      <UniqueIdentifier>{edf36f10-9ca6-4453-8266-36aa89a35560}</UniqueIdentifier>
    </Filter>
    <Filter Include="aud_sys">
      <UniqueIdentifier>{0508f7ca-accd-4598-8412-f3c247f894f8}</UniqueIdentifier>
    </Filter>
    <Filter Include="aud_sys\dosbox">
      <UniqueIdentifier>{419f6066-74f0-4417-bc2e-87df8083433a}</UniqueIdentifier>
    </Filter>
    <Filter Include="aud_sys\mame">
      <UniqueIdentifier>{df99e693-62e7-40a9-bc0a-efd1cd9c313e}</UniqueIdentifier>
    </Filter>
    <Filter Include="win">
      <UniqueIdentifier>{67DA6AB6-F800-4c08-8B7A-83BB121AAD01}</UniqueIdentifier>
      <Extensions>rc;ico;cur;bmp;dlg;rc2;rct;bin;rgs;gif;jpg;jpeg;jpe;resx;tiff;tif;png;wav</Extensions>
    </Filter>
  </ItemGroup>
  <ItemGroup>
    <ClCompile Include="aud_sys\mame\fmopl.c">
      <Filter>aud_sys\mame</Filter>
    </ClCompile>
    <ClCompile Include="aud_sys\dosbox\dbopl.c">
      <Filter>aud_sys\dosbox</Filter>
    </ClCompile>
    <ClCompile Include="id_ca.c" />
    <ClCompile Include="id_crt.c" />
    <ClCompile Include="id_in.c" />
    <ClCompile Include="id_pm.c" />
    <ClCompile Include="id_sd.c" />
    <ClCompile Include="id_us.c" />
    <ClCompile Include="id_vh.c" />
    <ClCompile Include="id_vieasm.c" />
    <ClCompile Include="id_vl.c" />
    <ClCompile Include="sdl_winmain.c" />
    <ClCompile Include="signon.c" />
    <ClCompile Include="wl_act1.c" />
    <ClCompile Include="wl_act2.c" />
    <ClCompile Include="wl_agent.c" />
    <ClCompile Include="wl_atmos.c" />
    <ClCompile Include="wl_cloudsky.c" />
    <ClCompile Include="wl_debug.c" />
    <ClCompile Include="wl_draw.c" />
    <ClCompile Include="wl_game.c" />
    <ClCompile Include="wl_inter.c" />
    <ClCompile Include="wl_main.c" />
    <ClCompile Include="wl_menu.c" />
    <ClCompile Include="wl_parallax.c" />
    <ClCompile Include="wl_plane.c" />
    <ClCompile Include="wl_play.c" />
    <ClCompile Include="wl_scale.c" />
    <ClCompile Include="wl_shade.c" />
    <ClCompile Include="wl_state.c" />
    <ClCompile Include="wl_text.c" />
    <ClCompile Include="wl_utils.c" />
    <ClCompile Include="id_w3swrap.c" />
    <ClCompile Include="psnprntf.c" />
  </ItemGroup>
  <ItemGroup>
    <None Include="sodpal.inc" />
    <None Include="wolfpal.inc" />
    <None Include="docs\README-PS2.md">
      <Filter>docs</Filter>
    </None>
    <None Include="docs\README-Switch.md">
      <Filter>docs</Filter>
    </None>
    <None Include="docs\README-3DS.md">
      <Filter>docs</Filter>
    </None>
    <None Include="docs\README-CRT.md">
      <Filter>docs</Filter>
    </None>
  </ItemGroup>
  <ItemGroup>
    <ClInclude Include="win\resource.h">
      <Filter>win</Filter>
    </ClInclude>
    <ClInclude Include="aud_sys\dosbox\dbopl.h">
      <Filter>aud_sys\dosbox</Filter>
    </ClInclude>
    <ClInclude Include="aud_sys\mame\fmopl.h">
      <Filter>aud_sys\mame</Filter>
    </ClInclude>
    <ClInclude Include="3rdparty\uthash\utarray.h">
      <Filter>3rdparty\uthash</Filter>
    </ClInclude>
    <ClInclude Include="3rdparty\uthash\uthash.h">
      <Filter>3rdparty\uthash</Filter>
    </ClInclude>
    <ClInclude Include="3rdparty\uthash\utlist.h">
      <Filter>3rdparty\uthash</Filter>
    </ClInclude>
    <ClInclude Include="3rdparty\uthash\utringbuffer.h">
      <Filter>3rdparty\uthash</Filter>
    </ClInclude>
    <ClInclude Include="3rdparty\uthash\utstack.h">
      <Filter>3rdparty\uthash</Filter>
    </ClInclude>
    <ClInclude Include="3rdparty\uthash\utstring.h">
      <Filter>3rdparty\uthash</Filter>
    </ClInclude>
    <ClInclude Include="3rdparty\fixedptc.h">
      <Filter>3rdparty</Filter>
    </ClInclude>
    <ClInclude Include="asmcref.h" />
    <ClInclude Include="audiosod.h" />
    <ClInclude Include="audiowl6.h" />
    <ClInclude Include="f_spear.h" />
    <ClInclude Include="foreign.h" />
    <ClInclude Include="gfxv_apo.h" />
    <ClInclude Include="gfxv_jap.h" />
    <ClInclude Include="gfxv_sod.h" />
    <ClInclude Include="gfxv_wl6.h" />
    <ClInclude Include="id_ca.h" />
    <ClInclude Include="id_crt.h" />
    <ClInclude Include="id_in.h" />
    <ClInclude Include="id_pm.h" />
    <ClInclude Include="id_sd.h" />
    <ClInclude Include="id_us.h" />
    <ClInclude Include="id_vh.h" />
    <ClInclude Include="id_vieasm.h" />
    <ClInclude Include="id_vl.h" />
    <ClInclude Include="version.h" />
    <ClInclude Include="wl_atmos.h" />
    <ClInclude Include="wl_cloudsky.h" />
    <ClInclude Include="wl_def.h" />
    <ClInclude Include="wl_menu.h" />
    <ClInclude Include="wl_shade.h" />
    <ClInclude Include="wl_utils.h" />
    <ClInclude Include="id_w3swrap.h" />
    <ClInclude Include="psnprntf.h" />
  </ItemGroup>
  <ItemGroup>
    <ResourceCompile Include="win\Wolf4SDL.rc">
      <Filter>win</Filter>
    </ResourceCompile>
  </ItemGroup>
  <ItemGroup>
    <Text Include="README.txt" />
    <Text Include="docs\README-dc.txt">
      <Filter>docs</Filter>
    </Text>
    <Text Include="docs\README-devcpp.txt">
      <Filter>docs</Filter>
    </Text>
    <Text Include="docs\README-GP2X.txt">
      <Filter>docs</Filter>
    </Text>
    <Text Include="docs\README-VC.txt">
      <Filter>docs</Filter>
    </Text>
    <Text Include="docs\SVNLOG.TXT">
      <Filter>docs</Filter>
    </Text>
    <Text Include="docs\VIEASM Beta readme.txt">
      <Filter>docs</Filter>
    </Text>
    <Text Include="docs\wolfinst.txt">
      <Filter>docs</Filter>
    </Text>
    <Text Include="docs\Changes.txt">
      <Filter>docs</Filter>
    </Text>
    <Text Include="docs\Changes-dc.txt">
      <Filter>docs</Filter>
    </Text>
    <Text Include="docs\license-mame.txt">
      <Filter>docs</Filter>
    </Text>
    <Text Include="docs\README-codeblocks.txt">
      <Filter>docs</Filter>
    </Text>
  </ItemGroup>
  <ItemGroup>
    <Image Include="win\Wolf4SDL.ico">
      <Filter>win</Filter>
    </Image>
  </ItemGroup>
</Project>