
Microsoft Visual Studio Solution File, Format Version 11.00
# Visual Studio 2010
Project("{8BC9CEB8-8B4A-11D0-8D11-00A0C91BC942}") = "Wolf4SDLx360", "Wolf4SDLx360.vcxproj", "{5851E8E2-1C14-4383-8C3D-C4F4A10F31A2}"
EndProject
Global
	GlobalSection(SolutionConfigurationPlatforms) = preSolution
		CodeAnalysis|Xbox 360 = CodeAnalysis|Xbox 360
		Debug|Xbox 360 = Debug|Xbox 360
		Profile_FastCap|Xbox 360 = Profile_FastCap|Xbox 360
		Profile|Xbox 360 = Profile|Xbox 360
		Release_LTCG|Xbox 360 = Release_LTCG|Xbox 360
		Release|Xbox 360 = Release|Xbox 360
	EndGlobalSection
	GlobalSection(ProjectConfigurationPlatforms) = postSolution
		{5851E8E2-1C14-4383-8C3D-C4F4A10F31A2}.CodeAnalysis|Xbox 360.ActiveCfg = CodeAnalysis|Xbox 360
		{5851E8E2-1C14-4383-8C3D-C4F4A10F31A2}.CodeAnalysis|Xbox 360.Build.0 = CodeAnalysis|Xbox 360
		{5851E8E2-1C14-4383-8C3D-C4F4A10F31A2}.Debug|Xbox 360.ActiveCfg = Debug|Xbox 360
		{5851E8E2-1C14-4383-8C3D-C4F4A10F31A2}.Debug|Xbox 360.Build.0 = Debug|Xbox 360
		{5851E8E2-1C14-4383-8C3D-C4F4A10F31A2}.Profile_FastCap|Xbox 360.ActiveCfg = Profile_FastCap|Xbox 360
		{5851E8E2-1C14-4383-8C3D-C4F4A10F31A2}.Profile_FastCap|Xbox 360.Build.0 = Profile_FastCap|Xbox 360
		{5851E8E2-1C14-4383-8C3D-C4F4A10F31A2}.Profile|Xbox 360.ActiveCfg = Profile|Xbox 360
		{5851E8E2-1C14-4383-8C3D-C4F4A10F31A2}.Profile|Xbox 360.Build.0 = Profile|Xbox 360
		{5851E8E2-1C14-4383-8C3D-C4F4A10F31A2}.Release_LTCG|Xbox 360.ActiveCfg = Release_LTCG|Xbox 360
		{5851E8E2-1C14-4383-8C3D-C4F4A10F31A2}.Release_LTCG|Xbox 360.Build.0 = Release_LTCG|Xbox 360
		{5851E8E2-1C14-4383-8C3D-C4F4A10F31A2}.Release|Xbox 360.ActiveCfg = Release|Xbox 360
		{5851E8E2-1C14-4383-8C3D-C4F4A10F31A2}.Release|Xbox 360.Build.0 = Release|Xbox 360
	EndGlobalSection
	GlobalSection(SolutionProperties) = preSolution
		HideSolutionNode = FALSE
	EndGlobalSection
EndGlobal
