// !$*UTF8*$!
{
	archiveVersion = 1;
	classes = {
	};
	objectVersion = 42;
	objects = {

/* Begin PBXBuildFile section */
		002F39FA09D0881F00EBEB88 /* SDL.framework in Frameworks */ = {isa = PBXBuildFile; fileRef = 002F39F909D0881F00EBEB88 /* SDL.framework */; };
		002F3A0009D0884600EBEB88 /* SDL.framework in Copy Frameworks into .app bundle */ = {isa = PBXBuildFile; fileRef = 002F39F909D0881F00EBEB88 /* SDL.framework */; };
		002F3A2E09D0888800EBEB88 /* SDLMain.m in Sources */ = {isa = PBXBuildFile; fileRef = 002F3A2C09D0888800EBEB88 /* SDLMain.m */; };
		8CFBC36828C6D5D400EE9361 /* wl_act1.c in Sources */ = {isa = PBXBuildFile; fileRef = 8CFBC33128C6D5D200EE9361 /* wl_act1.c */; };
		8CFBC36928C6D5D400EE9361 /* id_ca.c in Sources */ = {isa = PBXBuildFile; fileRef = 8CFBC33928C6D5D200EE9361 /* id_ca.c */; };
		8CFBC36A28C6D5D400EE9361 /* wl_parallax.c in Sources */ = {isa = PBXBuildFile; fileRef = 8CFBC33C28C6D5D200EE9361 /* wl_parallax.c */; };
		8CFBC36B28C6D5D400EE9361 /* wl_scale.c in Sources */ = {isa = PBXBuildFile; fileRef = 8CFBC33F28C6D5D200EE9361 /* wl_scale.c */; };
		8CFBC36C28C6D5D400EE9361 /* sdl_winmain.c in Sources */ = {isa = PBXBuildFile; fileRef = 8CFBC34328C6D5D200EE9361 /* sdl_winmain.c */; };
		8CFBC36D28C6D5D400EE9361 /* wl_cloudsky.c in Sources */ = {isa = PBXBuildFile; fileRef = 8CFBC34528C6D5D300EE9361 /* wl_cloudsky.c */; };
		8CFBC36E28C6D5D400EE9361 /* id_crt.c in Sources */ = {isa = PBXBuildFile; fileRef = 8CFBC34828C6D5D300EE9361 /* id_crt.c */; };
		8CFBC36F28C6D5D400EE9361 /* wl_play.c in Sources */ = {isa = PBXBuildFile; fileRef = 8CFBC34928C6D5D300EE9361 /* wl_play.c */; };
		8CFBC37028C6D5D400EE9361 /* wl_main.c in Sources */ = {isa = PBXBuildFile; fileRef = 8CFBC34A28C6D5D300EE9361 /* wl_main.c */; };
		8CFBC37128C6D5D400EE9361 /* wl_shade.c in Sources */ = {isa = PBXBuildFile; fileRef = 8CFBC34B28C6D5D300EE9361 /* wl_shade.c */; };
		8CFBC37228C6D5D400EE9361 /* wl_menu.c in Sources */ = {isa = PBXBuildFile; fileRef = 8CFBC34C28C6D5D300EE9361 /* wl_menu.c */; };
		8CFBC37328C6D5D400EE9361 /* wl_game.c in Sources */ = {isa = PBXBuildFile; fileRef = 8CFBC34D28C6D5D300EE9361 /* wl_game.c */; };
		8CFBC37428C6D5D400EE9361 /* wl_act2.c in Sources */ = {isa = PBXBuildFile; fileRef = 8CFBC34E28C6D5D300EE9361 /* wl_act2.c */; };
		8CFBC37528C6D5D400EE9361 /* wl_debug.c in Sources */ = {isa = PBXBuildFile; fileRef = 8CFBC34F28C6D5D300EE9361 /* wl_debug.c */; };
		8CFBC37628C6D5D400EE9361 /* id_pm.c in Sources */ = {isa = PBXBuildFile; fileRef = 8CFBC35228C6D5D300EE9361 /* id_pm.c */; };
		8CFBC37728C6D5D400EE9361 /* id_sd.c in Sources */ = {isa = PBXBuildFile; fileRef = 8CFBC35328C6D5D300EE9361 /* id_sd.c */; };
		8CFBC37828C6D5D400EE9361 /* wl_draw.c in Sources */ = {isa = PBXBuildFile; fileRef = 8CFBC35428C6D5D300EE9361 /* wl_draw.c */; };
		8CFBC37928C6D5D400EE9361 /* id_vl.c in Sources */ = {isa = PBXBuildFile; fileRef = 8CFBC35628C6D5D300EE9361 /* id_vl.c */; };
		8CFBC37A28C6D5D400EE9361 /* id_vieasm.c in Sources */ = {isa = PBXBuildFile; fileRef = 8CFBC35828C6D5D300EE9361 /* id_vieasm.c */; };
		8CFBC37B28C6D5D400EE9361 /* wl_atmos.c in Sources */ = {isa = PBXBuildFile; fileRef = 8CFBC35928C6D5D300EE9361 /* wl_atmos.c */; };
		8CFBC37C28C6D5D400EE9361 /* id_in.c in Sources */ = {isa = PBXBuildFile; fileRef = 8CFBC35B28C6D5D300EE9361 /* id_in.c */; };
		8CFBC37D28C6D5D400EE9361 /* id_us.c in Sources */ = {isa = PBXBuildFile; fileRef = 8CFBC35C28C6D5D300EE9361 /* id_us.c */; };
		8CFBC37E28C6D5D400EE9361 /* wl_utils.c in Sources */ = {isa = PBXBuildFile; fileRef = 8CFBC35D28C6D5D300EE9361 /* wl_utils.c */; };
		8CFBC37F28C6D5D400EE9361 /* Makefile in Sources */ = {isa = PBXBuildFile; fileRef = 8CFBC35F28C6D5D300EE9361 /* Makefile */; };
		8CFBC38028C6D5D400EE9361 /* wl_agent.c in Sources */ = {isa = PBXBuildFile; fileRef = 8CFBC36028C6D5D300EE9361 /* wl_agent.c */; };
		8CFBC38128C6D5D400EE9361 /* wl_plane.c in Sources */ = {isa = PBXBuildFile; fileRef = 8CFBC36128C6D5D300EE9361 /* wl_plane.c */; };
		8CFBC38228C6D5D400EE9361 /* wl_text.c in Sources */ = {isa = PBXBuildFile; fileRef = 8CFBC36228C6D5D300EE9361 /* wl_text.c */; };
		8CFBC38328C6D5D400EE9361 /* signon.c in Sources */ = {isa = PBXBuildFile; fileRef = 8CFBC36328C6D5D300EE9361 /* signon.c */; };
		8CFBC38428C6D5D400EE9361 /* wl_inter.c in Sources */ = {isa = PBXBuildFile; fileRef = 8CFBC36428C6D5D400EE9361 /* wl_inter.c */; };
		8CFBC38528C6D5D400EE9361 /* id_vh.c in Sources */ = {isa = PBXBuildFile; fileRef = 8CFBC36528C6D5D400EE9361 /* id_vh.c */; };
		8CFBC38628C6D5D400EE9361 /* wl_state.c in Sources */ = {isa = PBXBuildFile; fileRef = 8CFBC36628C6D5D400EE9361 /* wl_state.c */; };
		8D11072B0486CEB800E47090 /* InfoPlist.strings in Resources */ = {isa = PBXBuildFile; fileRef = 089C165CFE840E0CC02AAC07 /* InfoPlist.strings */; };
		8D11072F0486CEB800E47090 /* Cocoa.framework in Frameworks */ = {isa = PBXBuildFile; fileRef = 1058C7A1FEA54F0111CA2CBB /* Cocoa.framework */; };
		D901F4C20FC0DB520040C290 /* SDL_mixer.framework in Frameworks */ = {isa = PBXBuildFile; fileRef = D901F4C10FC0DB520040C290 /* SDL_mixer.framework */; };
		D901F51F0FC0DBFC0040C290 /* SDL_mixer.framework in Copy Frameworks into .app bundle */ = {isa = PBXBuildFile; fileRef = D901F4C10FC0DB520040C290 /* SDL_mixer.framework */; };
		D94B84D50FC0F2F800EADB6F /* wolf4sdl.icns in Resources */ = {isa = PBXBuildFile; fileRef = D94B84D40FC0F2F800EADB6F /* wolf4sdl.icns */; };
/* End PBXBuildFile section */

/* Begin PBXCopyFilesBuildPhase section */
		002F39FD09D0883400EBEB88 /* Copy Frameworks into .app bundle */ = {
			isa = PBXCopyFilesBuildPhase;
			buildActionMask = 2147483647;
			dstPath = "";
			dstSubfolderSpec = 10;
			files = (
				D901F51F0FC0DBFC0040C290 /* SDL_mixer.framework in Copy Frameworks into .app bundle */,
				002F3A0009D0884600EBEB88 /* SDL.framework in Copy Frameworks into .app bundle */,
			);
			name = "Copy Frameworks into .app bundle";
			runOnlyForDeploymentPostprocessing = 0;
		};
/* End PBXCopyFilesBuildPhase section */

/* Begin PBXFileReference section */
		002F39F909D0881F00EBEB88 /* SDL.framework */ = {isa = PBXFileReference; lastKnownFileType = wrapper.framework; name = SDL.framework; path = /Library/Frameworks/SDL.framework; sourceTree = "<absolute>"; };
		002F3A2B09D0888800EBEB88 /* SDLMain.h */ = {isa = PBXFileReference; fileEncoding = 30; lastKnownFileType = sourcecode.c.h; path = SDLMain.h; sourceTree = SOURCE_ROOT; };
		002F3A2C09D0888800EBEB88 /* SDLMain.m */ = {isa = PBXFileReference; fileEncoding = 30; lastKnownFileType = sourcecode.c.objc; path = SDLMain.m; sourceTree = SOURCE_ROOT; };
		089C165DFE840E0CC02AAC07 /* English */ = {isa = PBXFileReference; fileEncoding = 10; lastKnownFileType = text.plist.strings; name = English; path = English.lproj/InfoPlist.strings; sourceTree = "<group>"; };
		1058C7A1FEA54F0111CA2CBB /* Cocoa.framework */ = {isa = PBXFileReference; lastKnownFileType = wrapper.framework; name = Cocoa.framework; path = /System/Library/Frameworks/Cocoa.framework; sourceTree = "<absolute>"; };
		29B97324FDCFA39411CA2CEA /* AppKit.framework */ = {isa = PBXFileReference; lastKnownFileType = wrapper.framework; name = AppKit.framework; path = /System/Library/Frameworks/AppKit.framework; sourceTree = "<absolute>"; };
		29B97325FDCFA39411CA2CEA /* Foundation.framework */ = {isa = PBXFileReference; lastKnownFileType = wrapper.framework; name = Foundation.framework; path = /System/Library/Frameworks/Foundation.framework; sourceTree = "<absolute>"; };
		8CFBC32F28C6D5D200EE9361 /* id_pm.h */ = {isa = PBXFileReference; fileEncoding = 4; lastKnownFileType = sourcecode.c.h; name = id_pm.h; path = ../id_pm.h; sourceTree = "<group>"; };
		8CFBC33028C6D5D200EE9361 /* id_vh.h */ = {isa = PBXFileReference; fileEncoding = 4; lastKnownFileType = sourcecode.c.h; name = id_vh.h; path = ../id_vh.h; sourceTree = "<group>"; };
		8CFBC33128C6D5D200EE9361 /* wl_act1.c */ = {isa = PBXFileReference; fileEncoding = 4; lastKnownFileType = sourcecode.c.c; name = wl_act1.c; path = ../wl_act1.c; sourceTree = "<group>"; };
		8CFBC33228C6D5D200EE9361 /* id_us.h */ = {isa = PBXFileReference; fileEncoding = 4; lastKnownFileType = sourcecode.c.h; name = id_us.h; path = ../id_us.h; sourceTree = "<group>"; };
		8CFBC33328C6D5D200EE9361 /* gfxv_apo.h */ = {isa = PBXFileReference; fileEncoding = 4; lastKnownFileType = sourcecode.c.h; name = gfxv_apo.h; path = ../gfxv_apo.h; sourceTree = "<group>"; };
		8CFBC33428C6D5D200EE9361 /* wl_def.h */ = {isa = PBXFileReference; fileEncoding = 4; lastKnownFileType = sourcecode.c.h; name = wl_def.h; path = ../wl_def.h; sourceTree = "<group>"; };
		8CFBC33528C6D5D200EE9361 /* f_spear.h */ = {isa = PBXFileReference; fileEncoding = 4; lastKnownFileType = sourcecode.c.h; name = f_spear.h; path = ../f_spear.h; sourceTree = "<group>"; };
		8CFBC33628C6D5D200EE9361 /* foreign.h */ = {isa = PBXFileReference; fileEncoding = 4; lastKnownFileType = sourcecode.c.h; name = foreign.h; path = ../foreign.h; sourceTree = "<group>"; };
		8CFBC33728C6D5D200EE9361 /* gfxv_wl6.h */ = {isa = PBXFileReference; fileEncoding = 4; lastKnownFileType = sourcecode.c.h; name = gfxv_wl6.h; path = ../gfxv_wl6.h; sourceTree = "<group>"; };
		8CFBC33828C6D5D200EE9361 /* gfxv_jap.h */ = {isa = PBXFileReference; fileEncoding = 4; lastKnownFileType = sourcecode.c.h; name = gfxv_jap.h; path = ../gfxv_jap.h; sourceTree = "<group>"; };
		8CFBC33928C6D5D200EE9361 /* id_ca.c */ = {isa = PBXFileReference; fileEncoding = 4; lastKnownFileType = sourcecode.c.c; name = id_ca.c; path = ../id_ca.c; sourceTree = "<group>"; };
		8CFBC33A28C6D5D200EE9361 /* asmcref.h */ = {isa = PBXFileReference; fileEncoding = 4; lastKnownFileType = sourcecode.c.h; name = asmcref.h; path = ../asmcref.h; sourceTree = "<group>"; };
		8CFBC33B28C6D5D200EE9361 /* wl_menu.h */ = {isa = PBXFileReference; fileEncoding = 4; lastKnownFileType = sourcecode.c.h; name = wl_menu.h; path = ../wl_menu.h; sourceTree = "<group>"; };
		8CFBC33C28C6D5D200EE9361 /* wl_parallax.c */ = {isa = PBXFileReference; fileEncoding = 4; lastKnownFileType = sourcecode.c.c; name = wl_parallax.c; path = ../wl_parallax.c; sourceTree = "<group>"; };
		8CFBC33D28C6D5D200EE9361 /* id_vieasm.h */ = {isa = PBXFileReference; fileEncoding = 4; lastKnownFileType = sourcecode.c.h; name = id_vieasm.h; path = ../id_vieasm.h; sourceTree = "<group>"; };
		8CFBC33E28C6D5D200EE9361 /* wl_atmos.h */ = {isa = PBXFileReference; fileEncoding = 4; lastKnownFileType = sourcecode.c.h; name = wl_atmos.h; path = ../wl_atmos.h; sourceTree = "<group>"; };
		8CFBC33F28C6D5D200EE9361 /* wl_scale.c */ = {isa = PBXFileReference; fileEncoding = 4; lastKnownFileType = sourcecode.c.c; name = wl_scale.c; path = ../wl_scale.c; sourceTree = "<group>"; };
		8CFBC34028C6D5D200EE9361 /* wl_shade.h */ = {isa = PBXFileReference; fileEncoding = 4; lastKnownFileType = sourcecode.c.h; name = wl_shade.h; path = ../wl_shade.h; sourceTree = "<group>"; };
		8CFBC34128C6D5D200EE9361 /* gfxv_sod.h */ = {isa = PBXFileReference; fileEncoding = 4; lastKnownFileType = sourcecode.c.h; name = gfxv_sod.h; path = ../gfxv_sod.h; sourceTree = "<group>"; };
		8CFBC34228C6D5D200EE9361 /* audiowl6.h */ = {isa = PBXFileReference; fileEncoding = 4; lastKnownFileType = sourcecode.c.h; name = audiowl6.h; path = ../audiowl6.h; sourceTree = "<group>"; };
		8CFBC34328C6D5D200EE9361 /* sdl_winmain.c */ = {isa = PBXFileReference; fileEncoding = 4; lastKnownFileType = sourcecode.c.c; name = sdl_winmain.c; path = ../sdl_winmain.c; sourceTree = "<group>"; };
		8CFBC34428C6D5D200EE9361 /* wl_utils.h */ = {isa = PBXFileReference; fileEncoding = 4; lastKnownFileType = sourcecode.c.h; name = wl_utils.h; path = ../wl_utils.h; sourceTree = "<group>"; };
		8CFBC34528C6D5D300EE9361 /* wl_cloudsky.c */ = {isa = PBXFileReference; fileEncoding = 4; lastKnownFileType = sourcecode.c.c; name = wl_cloudsky.c; path = ../wl_cloudsky.c; sourceTree = "<group>"; };
		8CFBC34628C6D5D300EE9361 /* id_in.h */ = {isa = PBXFileReference; fileEncoding = 4; lastKnownFileType = sourcecode.c.h; name = id_in.h; path = ../id_in.h; sourceTree = "<group>"; };
		8CFBC34728C6D5D300EE9361 /* version.h */ = {isa = PBXFileReference; fileEncoding = 4; lastKnownFileType = sourcecode.c.h; name = version.h; path = ../version.h; sourceTree = "<group>"; };
		8CFBC34828C6D5D300EE9361 /* id_crt.c */ = {isa = PBXFileReference; fileEncoding = 4; lastKnownFileType = sourcecode.c.c; name = id_crt.c; path = ../id_crt.c; sourceTree = "<group>"; };
		8CFBC34928C6D5D300EE9361 /* wl_play.c */ = {isa = PBXFileReference; fileEncoding = 4; lastKnownFileType = sourcecode.c.c; name = wl_play.c; path = ../wl_play.c; sourceTree = "<group>"; };
		8CFBC34A28C6D5D300EE9361 /* wl_main.c */ = {isa = PBXFileReference; fileEncoding = 4; lastKnownFileType = sourcecode.c.c; name = wl_main.c; path = ../wl_main.c; sourceTree = "<group>"; };
		8CFBC34B28C6D5D300EE9361 /* wl_shade.c */ = {isa = PBXFileReference; fileEncoding = 4; lastKnownFileType = sourcecode.c.c; name = wl_shade.c; path = ../wl_shade.c; sourceTree = "<group>"; };
		8CFBC34C28C6D5D300EE9361 /* wl_menu.c */ = {isa = PBXFileReference; fileEncoding = 4; lastKnownFileType = sourcecode.c.c; name = wl_menu.c; path = ../wl_menu.c; sourceTree = "<group>"; };
		8CFBC34D28C6D5D300EE9361 /* wl_game.c */ = {isa = PBXFileReference; fileEncoding = 4; lastKnownFileType = sourcecode.c.c; name = wl_game.c; path = ../wl_game.c; sourceTree = "<group>"; };
		8CFBC34E28C6D5D300EE9361 /* wl_act2.c */ = {isa = PBXFileReference; fileEncoding = 4; lastKnownFileType = sourcecode.c.c; name = wl_act2.c; path = ../wl_act2.c; sourceTree = "<group>"; };
		8CFBC34F28C6D5D300EE9361 /* wl_debug.c */ = {isa = PBXFileReference; fileEncoding = 4; lastKnownFileType = sourcecode.c.c; name = wl_debug.c; path = ../wl_debug.c; sourceTree = "<group>"; };
		8CFBC35028C6D5D300EE9361 /* gp2x.h */ = {isa = PBXFileReference; fileEncoding = 4; lastKnownFileType = sourcecode.c.h; name = gp2x.h; path = ../gp2x.h; sourceTree = "<group>"; };
		8CFBC35128C6D5D300EE9361 /* wl_cloudsky.h */ = {isa = PBXFileReference; fileEncoding = 4; lastKnownFileType = sourcecode.c.h; name = wl_cloudsky.h; path = ../wl_cloudsky.h; sourceTree = "<group>"; };
		8CFBC35228C6D5D300EE9361 /* id_pm.c */ = {isa = PBXFileReference; fileEncoding = 4; lastKnownFileType = sourcecode.c.c; name = id_pm.c; path = ../id_pm.c; sourceTree = "<group>"; };
		8CFBC35328C6D5D300EE9361 /* id_sd.c */ = {isa = PBXFileReference; fileEncoding = 4; lastKnownFileType = sourcecode.c.c; name = id_sd.c; path = ../id_sd.c; sourceTree = "<group>"; };
		8CFBC35428C6D5D300EE9361 /* wl_draw.c */ = {isa = PBXFileReference; fileEncoding = 4; lastKnownFileType = sourcecode.c.c; name = wl_draw.c; path = ../wl_draw.c; sourceTree = "<group>"; };
		8CFBC35528C6D5D300EE9361 /* id_sd.h */ = {isa = PBXFileReference; fileEncoding = 4; lastKnownFileType = sourcecode.c.h; name = id_sd.h; path = ../id_sd.h; sourceTree = "<group>"; };
		8CFBC35628C6D5D300EE9361 /* id_vl.c */ = {isa = PBXFileReference; fileEncoding = 4; lastKnownFileType = sourcecode.c.c; name = id_vl.c; path = ../id_vl.c; sourceTree = "<group>"; };
		8CFBC35728C6D5D300EE9361 /* id_crt.h */ = {isa = PBXFileReference; fileEncoding = 4; lastKnownFileType = sourcecode.c.h; name = id_crt.h; path = ../id_crt.h; sourceTree = "<group>"; };
		8CFBC35828C6D5D300EE9361 /* id_vieasm.c */ = {isa = PBXFileReference; fileEncoding = 4; lastKnownFileType = sourcecode.c.c; name = id_vieasm.c; path = ../id_vieasm.c; sourceTree = "<group>"; };
		8CFBC35928C6D5D300EE9361 /* wl_atmos.c */ = {isa = PBXFileReference; fileEncoding = 4; lastKnownFileType = sourcecode.c.c; name = wl_atmos.c; path = ../wl_atmos.c; sourceTree = "<group>"; };
		8CFBC35A28C6D5D300EE9361 /* id_ca.h */ = {isa = PBXFileReference; fileEncoding = 4; lastKnownFileType = sourcecode.c.h; name = id_ca.h; path = ../id_ca.h; sourceTree = "<group>"; };
		8CFBC35B28C6D5D300EE9361 /* id_in.c */ = {isa = PBXFileReference; fileEncoding = 4; lastKnownFileType = sourcecode.c.c; name = id_in.c; path = ../id_in.c; sourceTree = "<group>"; };
		8CFBC35C28C6D5D300EE9361 /* id_us.c */ = {isa = PBXFileReference; fileEncoding = 4; lastKnownFileType = sourcecode.c.c; name = id_us.c; path = ../id_us.c; sourceTree = "<group>"; };
		8CFBC35D28C6D5D300EE9361 /* wl_utils.c */ = {isa = PBXFileReference; fileEncoding = 4; lastKnownFileType = sourcecode.c.c; name = wl_utils.c; path = ../wl_utils.c; sourceTree = "<group>"; };
		8CFBC35E28C6D5D300EE9361 /* id_vl.h */ = {isa = PBXFileReference; fileEncoding = 4; lastKnownFileType = sourcecode.c.h; name = id_vl.h; path = ../id_vl.h; sourceTree = "<group>"; };
		8CFBC35F28C6D5D300EE9361 /* Makefile */ = {isa = PBXFileReference; fileEncoding = 4; lastKnownFileType = sourcecode.make; name = Makefile; path = ../Makefile; sourceTree = "<group>"; };
		8CFBC36028C6D5D300EE9361 /* wl_agent.c */ = {isa = PBXFileReference; fileEncoding = 4; lastKnownFileType = sourcecode.c.c; name = wl_agent.c; path = ../wl_agent.c; sourceTree = "<group>"; };
		8CFBC36128C6D5D300EE9361 /* wl_plane.c */ = {isa = PBXFileReference; fileEncoding = 4; lastKnownFileType = sourcecode.c.c; name = wl_plane.c; path = ../wl_plane.c; sourceTree = "<group>"; };
		8CFBC36228C6D5D300EE9361 /* wl_text.c */ = {isa = PBXFileReference; fileEncoding = 4; lastKnownFileType = sourcecode.c.c; name = wl_text.c; path = ../wl_text.c; sourceTree = "<group>"; };
		8CFBC36328C6D5D300EE9361 /* signon.c */ = {isa = PBXFileReference; fileEncoding = 4; lastKnownFileType = sourcecode.c.c; name = signon.c; path = ../signon.c; sourceTree = "<group>"; };
		8CFBC36428C6D5D400EE9361 /* wl_inter.c */ = {isa = PBXFileReference; fileEncoding = 4; lastKnownFileType = sourcecode.c.c; name = wl_inter.c; path = ../wl_inter.c; sourceTree = "<group>"; };
		8CFBC36528C6D5D400EE9361 /* id_vh.c */ = {isa = PBXFileReference; fileEncoding = 4; lastKnownFileType = sourcecode.c.c; name = id_vh.c; path = ../id_vh.c; sourceTree = "<group>"; };
		8CFBC36628C6D5D400EE9361 /* wl_state.c */ = {isa = PBXFileReference; fileEncoding = 4; lastKnownFileType = sourcecode.c.c; name = wl_state.c; path = ../wl_state.c; sourceTree = "<group>"; };
		8CFBC36728C6D5D400EE9361 /* audiosod.h */ = {isa = PBXFileReference; fileEncoding = 4; lastKnownFileType = sourcecode.c.h; name = audiosod.h; path = ../audiosod.h; sourceTree = "<group>"; };
		8D1107310486CEB800E47090 /* Info.plist */ = {isa = PBXFileReference; fileEncoding = 4; lastKnownFileType = text.plist; path = Info.plist; sourceTree = "<group>"; };
		8D1107320486CEB800E47090 /* Wolf4SDL.app */ = {isa = PBXFileReference; explicitFileType = wrapper.application; includeInIndex = 0; path = Wolf4SDL.app; sourceTree = BUILT_PRODUCTS_DIR; };
		D901F4C10FC0DB520040C290 /* SDL_mixer.framework */ = {isa = PBXFileReference; lastKnownFileType = wrapper.framework; name = SDL_mixer.framework; path = /Library/Frameworks/SDL_mixer.framework; sourceTree = "<absolute>"; };
		D94B84D40FC0F2F800EADB6F /* wolf4sdl.icns */ = {isa = PBXFileReference; lastKnownFileType = image.icns; path = wolf4sdl.icns; sourceTree = "<group>"; };
/* End PBXFileReference section */

/* Begin PBXFrameworksBuildPhase section */
		8D11072E0486CEB800E47090 /* Frameworks */ = {
			isa = PBXFrameworksBuildPhase;
			buildActionMask = 2147483647;
			files = (
				002F39FA09D0881F00EBEB88 /* SDL.framework in Frameworks */,
				8D11072F0486CEB800E47090 /* Cocoa.framework in Frameworks */,
				D901F4C20FC0DB520040C290 /* SDL_mixer.framework in Frameworks */,
			);
			runOnlyForDeploymentPostprocessing = 0;
		};
/* End PBXFrameworksBuildPhase section */

/* Begin PBXGroup section */
		080E96DDFE201D6D7F000001 /* Classes */ = {
			isa = PBXGroup;
			children = (
				002F3A2B09D0888800EBEB88 /* SDLMain.h */,
				002F3A2C09D0888800EBEB88 /* SDLMain.m */,
			);
			name = Classes;
			sourceTree = "<group>";
		};
		1058C7A0FEA54F0111CA2CBB /* Linked Frameworks */ = {
			isa = PBXGroup;
			children = (
				002F39F909D0881F00EBEB88 /* SDL.framework */,
				D901F4C10FC0DB520040C290 /* SDL_mixer.framework */,
				1058C7A1FEA54F0111CA2CBB /* Cocoa.framework */,
			);
			name = "Linked Frameworks";
			sourceTree = "<group>";
		};
		1058C7A2FEA54F0111CA2CBB /* Other Frameworks */ = {
			isa = PBXGroup;
			children = (
				29B97324FDCFA39411CA2CEA /* AppKit.framework */,
				29B97325FDCFA39411CA2CEA /* Foundation.framework */,
			);
			name = "Other Frameworks";
			sourceTree = "<group>";
		};
		19C28FACFE9D520D11CA2CBB /* Products */ = {
			isa = PBXGroup;
			children = (
				8D1107320486CEB800E47090 /* Wolf4SDL.app */,
			);
			name = Products;
			sourceTree = "<group>";
		};
		29B97314FDCFA39411CA2CEA /* Untitled */ = {
			isa = PBXGroup;
			children = (
				080E96DDFE201D6D7F000001 /* Classes */,
				29B97315FDCFA39411CA2CEA /* Other Sources */,
				29B97317FDCFA39411CA2CEA /* Resources */,
				29B97323FDCFA39411CA2CEA /* Frameworks */,
				19C28FACFE9D520D11CA2CBB /* Products */,
			);
			name = Untitled;
			sourceTree = "<group>";
		};
		29B97315FDCFA39411CA2CEA /* Other Sources */ = {
			isa = PBXGroup;
			children = (
				8CFBC33A28C6D5D200EE9361 /* asmcref.h */,
				8CFBC36728C6D5D400EE9361 /* audiosod.h */,
				8CFBC34228C6D5D200EE9361 /* audiowl6.h */,
				8CFBC33528C6D5D200EE9361 /* f_spear.h */,
				8CFBC33628C6D5D200EE9361 /* foreign.h */,
				8CFBC33328C6D5D200EE9361 /* gfxv_apo.h */,
				8CFBC33828C6D5D200EE9361 /* gfxv_jap.h */,
				8CFBC34128C6D5D200EE9361 /* gfxv_sod.h */,
				8CFBC33728C6D5D200EE9361 /* gfxv_wl6.h */,
				8CFBC35028C6D5D300EE9361 /* gp2x.h */,
				8CFBC33928C6D5D200EE9361 /* id_ca.c */,
				8CFBC35A28C6D5D300EE9361 /* id_ca.h */,
				8CFBC34828C6D5D300EE9361 /* id_crt.c */,
				8CFBC35728C6D5D300EE9361 /* id_crt.h */,
				8CFBC35B28C6D5D300EE9361 /* id_in.c */,
				8CFBC34628C6D5D300EE9361 /* id_in.h */,
				8CFBC35228C6D5D300EE9361 /* id_pm.c */,
				8CFBC32F28C6D5D200EE9361 /* id_pm.h */,
				8CFBC35328C6D5D300EE9361 /* id_sd.c */,
				8CFBC35528C6D5D300EE9361 /* id_sd.h */,
				8CFBC35C28C6D5D300EE9361 /* id_us.c */,
				8CFBC33228C6D5D200EE9361 /* id_us.h */,
				8CFBC36528C6D5D400EE9361 /* id_vh.c */,
				8CFBC33028C6D5D200EE9361 /* id_vh.h */,
				8CFBC35828C6D5D300EE9361 /* id_vieasm.c */,
				8CFBC33D28C6D5D200EE9361 /* id_vieasm.h */,
				8CFBC35628C6D5D300EE9361 /* id_vl.c */,
				8CFBC35E28C6D5D300EE9361 /* id_vl.h */,
				8CFBC35F28C6D5D300EE9361 /* Makefile */,
				8CFBC34328C6D5D200EE9361 /* sdl_winmain.c */,
				8CFBC36328C6D5D300EE9361 /* signon.c */,
				8CFBC34728C6D5D300EE9361 /* version.h */,
				8CFBC33128C6D5D200EE9361 /* wl_act1.c */,
				8CFBC34E28C6D5D300EE9361 /* wl_act2.c */,
				8CFBC36028C6D5D300EE9361 /* wl_agent.c */,
				8CFBC35928C6D5D300EE9361 /* wl_atmos.c */,
				8CFBC33E28C6D5D200EE9361 /* wl_atmos.h */,
				8CFBC34528C6D5D300EE9361 /* wl_cloudsky.c */,
				8CFBC35128C6D5D300EE9361 /* wl_cloudsky.h */,
				8CFBC34F28C6D5D300EE9361 /* wl_debug.c */,
				8CFBC33428C6D5D200EE9361 /* wl_def.h */,
				8CFBC35428C6D5D300EE9361 /* wl_draw.c */,
				8CFBC34D28C6D5D300EE9361 /* wl_game.c */,
				8CFBC36428C6D5D400EE9361 /* wl_inter.c */,
				8CFBC34A28C6D5D300EE9361 /* wl_main.c */,
				8CFBC34C28C6D5D300EE9361 /* wl_menu.c */,
				8CFBC33B28C6D5D200EE9361 /* wl_menu.h */,
				8CFBC33C28C6D5D200EE9361 /* wl_parallax.c */,
				8CFBC36128C6D5D300EE9361 /* wl_plane.c */,
				8CFBC34928C6D5D300EE9361 /* wl_play.c */,
				8CFBC33F28C6D5D200EE9361 /* wl_scale.c */,
				8CFBC34B28C6D5D300EE9361 /* wl_shade.c */,
				8CFBC34028C6D5D200EE9361 /* wl_shade.h */,
				8CFBC36628C6D5D400EE9361 /* wl_state.c */,
				8CFBC36228C6D5D300EE9361 /* wl_text.c */,
				8CFBC35D28C6D5D300EE9361 /* wl_utils.c */,
				8CFBC34428C6D5D200EE9361 /* wl_utils.h */,
			);
			name = "Other Sources";
			sourceTree = "<group>";
		};
		29B97317FDCFA39411CA2CEA /* Resources */ = {
			isa = PBXGroup;
			children = (
				D94B84D40FC0F2F800EADB6F /* wolf4sdl.icns */,
				8D1107310486CEB800E47090 /* Info.plist */,
				089C165CFE840E0CC02AAC07 /* InfoPlist.strings */,
			);
			name = Resources;
			sourceTree = "<group>";
		};
		29B97323FDCFA39411CA2CEA /* Frameworks */ = {
			isa = PBXGroup;
			children = (
				1058C7A0FEA54F0111CA2CBB /* Linked Frameworks */,
				1058C7A2FEA54F0111CA2CBB /* Other Frameworks */,
			);
			name = Frameworks;
			sourceTree = "<group>";
		};
/* End PBXGroup section */

/* Begin PBXNativeTarget section */
		8D1107260486CEB800E47090 /* Wolf4SDL */ = {
			isa = PBXNativeTarget;
			buildConfigurationList = C01FCF4A08A954540054247B /* Build configuration list for PBXNativeTarget "Wolf4SDL" */;
			buildPhases = (
				002F39FD09D0883400EBEB88 /* Copy Frameworks into .app bundle */,
				8D1107290486CEB800E47090 /* Resources */,
				8D11072C0486CEB800E47090 /* Sources */,
				8D11072E0486CEB800E47090 /* Frameworks */,
			);
			buildRules = (
			);
			dependencies = (
			);
			name = Wolf4SDL;
			productInstallPath = "$(HOME)/Applications";
			productName = Untitled;
			productReference = 8D1107320486CEB800E47090 /* Wolf4SDL.app */;
			productType = "com.apple.product-type.application";
		};
/* End PBXNativeTarget section */

/* Begin PBXProject section */
		29B97313FDCFA39411CA2CEA /* Project object */ = {
			isa = PBXProject;
			attributes = {
			};
			buildConfigurationList = C01FCF4E08A954540054247B /* Build configuration list for PBXProject "Wolf4SDL" */;
			compatibilityVersion = "Xcode 2.4";
			developmentRegion = English;
			hasScannedForEncodings = 1;
			knownRegions = (
				English,
				Japanese,
				French,
				German,
			);
			mainGroup = 29B97314FDCFA39411CA2CEA /* Untitled */;
			projectDirPath = "";
			projectRoot = "";
			targets = (
				8D1107260486CEB800E47090 /* Wolf4SDL */,
			);
		};
/* End PBXProject section */

/* Begin PBXResourcesBuildPhase section */
		8D1107290486CEB800E47090 /* Resources */ = {
			isa = PBXResourcesBuildPhase;
			buildActionMask = 2147483647;
			files = (
				8D11072B0486CEB800E47090 /* InfoPlist.strings in Resources */,
				D94B84D50FC0F2F800EADB6F /* wolf4sdl.icns in Resources */,
			);
			runOnlyForDeploymentPostprocessing = 0;
		};
/* End PBXResourcesBuildPhase section */

/* Begin PBXSourcesBuildPhase section */
		8D11072C0486CEB800E47090 /* Sources */ = {
			isa = PBXSourcesBuildPhase;
			buildActionMask = 2147483647;
			files = (
				8CFBC36D28C6D5D400EE9361 /* wl_cloudsky.c in Sources */,
				8CFBC37628C6D5D400EE9361 /* id_pm.c in Sources */,
				8CFBC37328C6D5D400EE9361 /* wl_game.c in Sources */,
				8CFBC37428C6D5D400EE9361 /* wl_act2.c in Sources */,
				8CFBC37928C6D5D400EE9361 /* id_vl.c in Sources */,
				8CFBC38528C6D5D400EE9361 /* id_vh.c in Sources */,
				8CFBC37828C6D5D400EE9361 /* wl_draw.c in Sources */,
				8CFBC37E28C6D5D400EE9361 /* wl_utils.c in Sources */,
				8CFBC37228C6D5D400EE9361 /* wl_menu.c in Sources */,
				8CFBC37528C6D5D400EE9361 /* wl_debug.c in Sources */,
				8CFBC37728C6D5D400EE9361 /* id_sd.c in Sources */,
				8CFBC36928C6D5D400EE9361 /* id_ca.c in Sources */,
				8CFBC38328C6D5D400EE9361 /* signon.c in Sources */,
				8CFBC36C28C6D5D400EE9361 /* sdl_winmain.c in Sources */,
				8CFBC37028C6D5D400EE9361 /* wl_main.c in Sources */,
				8CFBC38128C6D5D400EE9361 /* wl_plane.c in Sources */,
				8CFBC36A28C6D5D400EE9361 /* wl_parallax.c in Sources */,
				8CFBC37128C6D5D400EE9361 /* wl_shade.c in Sources */,
				8CFBC37F28C6D5D400EE9361 /* Makefile in Sources */,
				8CFBC38228C6D5D400EE9361 /* wl_text.c in Sources */,
				8CFBC38428C6D5D400EE9361 /* wl_inter.c in Sources */,
				8CFBC36F28C6D5D400EE9361 /* wl_play.c in Sources */,
				8CFBC37D28C6D5D400EE9361 /* id_us.c in Sources */,
				8CFBC38028C6D5D400EE9361 /* wl_agent.c in Sources */,
				002F3A2E09D0888800EBEB88 /* SDLMain.m in Sources */,
				8CFBC36828C6D5D400EE9361 /* wl_act1.c in Sources */,
				8CFBC37B28C6D5D400EE9361 /* wl_atmos.c in Sources */,
				8CFBC37A28C6D5D400EE9361 /* id_vieasm.c in Sources */,
				8CFBC37C28C6D5D400EE9361 /* id_in.c in Sources */,
				8CFBC36E28C6D5D400EE9361 /* id_crt.c in Sources */,
				8CFBC38628C6D5D400EE9361 /* wl_state.c in Sources */,
				8CFBC36B28C6D5D400EE9361 /* wl_scale.c in Sources */,
			);
			runOnlyForDeploymentPostprocessing = 0;
		};
/* End PBXSourcesBuildPhase section */

/* Begin PBXVariantGroup section */
		089C165CFE840E0CC02AAC07 /* InfoPlist.strings */ = {
			isa = PBXVariantGroup;
			children = (
				089C165DFE840E0CC02AAC07 /* English */,
			);
			name = InfoPlist.strings;
			sourceTree = "<group>";
		};
/* End PBXVariantGroup section */

/* Begin XCBuildConfiguration section */
		C01FCF4B08A954540054247B /* Debug */ = {
			isa = XCBuildConfiguration;
			buildSettings = {
				ARCHS = "$(ARCHS_STANDARD_32_64_BIT)";
				COPY_PHASE_STRIP = NO;
				GCC_DYNAMIC_NO_PIC = NO;
				GCC_ENABLE_FIX_AND_CONTINUE = YES;
				GCC_MODEL_TUNING = G5;
				GCC_OPTIMIZATION_LEVEL = 0;
				GCC_VERSION = com.apple.compilers.llvm.clang.1_0;
				INFOPLIST_FILE = Info.plist;
				INSTALL_PATH = "$(HOME)/Applications";
				MACOSX_DEPLOYMENT_TARGET = 10.6;
				PRODUCT_NAME = Wolf4SDL;
				WRAPPER_EXTENSION = app;
				ZERO_LINK = YES;
			};
			name = Debug;
		};
		C01FCF4C08A954540054247B /* Release */ = {
			isa = XCBuildConfiguration;
			buildSettings = {
				ARCHS = "$(ARCHS_STANDARD_32_64_BIT)";
				GCC_AUTO_VECTORIZATION = YES;
				GCC_ENABLE_SSE3_EXTENSIONS = YES;
				GCC_GENERATE_DEBUGGING_SYMBOLS = NO;
				GCC_OPTIMIZATION_LEVEL = 3;
				GCC_VERSION = com.apple.compilers.llvm.clang.1_0;
				INFOPLIST_FILE = Info.plist;
				INSTALL_PATH = "$(HOME)/Applications";
				MACOSX_DEPLOYMENT_TARGET = 10.6;
				OTHER_CFLAGS = "-fast";
				OTHER_CPLUSPLUSFLAGS = "-fast";
				PRODUCT_NAME = Wolf4SDL;
				SDKROOT = macosx;
				WRAPPER_EXTENSION = app;
			};
			name = Release;
		};
		C01FCF4F08A954540054247B /* Debug */ = {
			isa = XCBuildConfiguration;
			buildSettings = {
				ARCHS = "$(ARCHS_STANDARD_32_64_BIT)";
				FRAMEWORK_SEARCH_PATHS = (
					"$(HOME)/Library/Frameworks",
					/Library/Frameworks,
					"$(FRAMEWORK_SEARCH_PATHS)",
				);
				GCC_VERSION = com.apple.compilers.llvm.clang.1_0;
				GCC_WARN_ABOUT_RETURN_TYPE = YES;
				GCC_WARN_UNUSED_VARIABLE = YES;
				HEADER_SEARCH_PATHS = (
					"$(HOME)/Library/Frameworks/SDL.framework/Headers",
					/Library/Frameworks/SDL.framework/Headers,
					"$(HOME)/Library/Frameworks/SDL.framework/Headers/SDL_mixer",
					/Library/Frameworks/SDL.framework/Headers/SDL_mixer,
					"$(HEADER_SEARCH_PATHS)",
				);
				PREBINDING = NO;
				SDKROOT = macosx;
			};
			name = Debug;
		};
		C01FCF5008A954540054247B /* Release */ = {
			isa = XCBuildConfiguration;
			buildSettings = {
				ARCHS = "$(ARCHS_STANDARD_32_64_BIT)";
				FRAMEWORK_SEARCH_PATHS = (
					"$(HOME)/Library/Frameworks",
					/Library/Frameworks,
					"$(FRAMEWORK_SEARCH_PATHS)",
				);
				GCC_DYNAMIC_NO_PIC = YES;
				GCC_FAST_MATH = YES;
				GCC_GENERATE_DEBUGGING_SYMBOLS = NO;
				GCC_OPTIMIZATION_LEVEL = 3;
				GCC_VERSION = com.apple.compilers.llvm.clang.1_0;
				GCC_WARN_ABOUT_RETURN_TYPE = YES;
				GCC_WARN_UNUSED_VARIABLE = YES;
				HEADER_SEARCH_PATHS = (
					"$(HOME)/Library/Frameworks/SDL.framework/Headers",
					/Library/Frameworks/SDL.framework/Headers,
					"$(HOME)/Library/Frameworks/SDL.framework/Headers/SDL_mixer",
					/Library/Frameworks/SDL.framework/Headers/SDL_mixer,
					"$(HEADER_SEARCH_PATHS)",
				);
				LLVM_LTO = YES;
				PREBINDING = NO;
				SDKROOT = macosx;
				VALID_ARCHS = "i386 x86_64";
			};
			name = Release;
		};
/* End XCBuildConfiguration section */

/* Begin XCConfigurationList section */
		C01FCF4A08A954540054247B /* Build configuration list for PBXNativeTarget "Wolf4SDL" */ = {
			isa = XCConfigurationList;
			buildConfigurations = (
				C01FCF4B08A954540054247B /* Debug */,
				C01FCF4C08A954540054247B /* Release */,
			);
			defaultConfigurationIsVisible = 0;
			defaultConfigurationName = Release;
		};
		C01FCF4E08A954540054247B /* Build configuration list for PBXProject "Wolf4SDL" */ = {
			isa = XCConfigurationList;
			buildConfigurations = (
				C01FCF4F08A954540054247B /* Debug */,
				C01FCF5008A954540054247B /* Release */,
			);
			defaultConfigurationIsVisible = 0;
			defaultConfigurationName = Release;
		};
/* End XCConfigurationList section */
	};
	rootObject = 29B97313FDCFA39411CA2CEA /* Project object */;
}
